// !$*UTF8*$!
{
	archiveVersion = 1;
	classes = {
	};
	objectVersion = 46;
	objects = {

/* Begin PBXBuildFile section */
		03552A6F1F26EE8900518BD3 /* main.m in Sources */ = {isa = PBXBuildFile; fileRef = 03552A6E1F26EE8900518BD3 /* main.m */; };
		03552A721F26EE8900518BD3 /* AppDelegate.m in Sources */ = {isa = PBXBuildFile; fileRef = 03552A711F26EE8900518BD3 /* AppDelegate.m */; };
		03552A751F26EE8900518BD3 /* ViewController.m in Sources */ = {isa = PBXBuildFile; fileRef = 03552A741F26EE8900518BD3 /* ViewController.m */; };
		03552A781F26EE8900518BD3 /* Main.storyboard in Resources */ = {isa = PBXBuildFile; fileRef = 03552A761F26EE8900518BD3 /* Main.storyboard */; };
		03552A7A1F26EE8A00518BD3 /* Assets.xcassets in Resources */ = {isa = PBXBuildFile; fileRef = 03552A791F26EE8A00518BD3 /* Assets.xcassets */; };
		03552A7D1F26EE8A00518BD3 /* LaunchScreen.storyboard in Resources */ = {isa = PBXBuildFile; fileRef = 03552A7B1F26EE8A00518BD3 /* LaunchScreen.storyboard */; };
		03552A881F26EE8A00518BD3 /* LLSearchViewUITests.m in Sources */ = {isa = PBXBuildFile; fileRef = 03552A871F26EE8A00518BD3 /* LLSearchViewUITests.m */; };
		03552A941F26EF0900518BD3 /* LLSearchViewController.m in Sources */ = {isa = PBXBuildFile; fileRef = 03552A931F26EF0900518BD3 /* LLSearchViewController.m */; };
		03552A971F26EF9300518BD3 /* LLSearchResultViewController.m in Sources */ = {isa = PBXBuildFile; fileRef = 03552A961F26EF9300518BD3 /* LLSearchResultViewController.m */; };
		03552A9A1F26EFCD00518BD3 /* LLSearchSuggestionVC.m in Sources */ = {isa = PBXBuildFile; fileRef = 03552A991F26EFCD00518BD3 /* LLSearchSuggestionVC.m */; };
		03552A9D1F26F02200518BD3 /* LLSearchView.m in Sources */ = {isa = PBXBuildFile; fileRef = 03552A9C1F26F02200518BD3 /* LLSearchView.m */; };
		03552AA01F26F07B00518BD3 /* LLSearchResultView.m in Sources */ = {isa = PBXBuildFile; fileRef = 03552A9F1F26F07B00518BD3 /* LLSearchResultView.m */; };
		03552AA31F26F10100518BD3 /* LLSearchResultListViewCell.m in Sources */ = {isa = PBXBuildFile; fileRef = 03552AA21F26F10100518BD3 /* LLSearchResultListViewCell.m */; };
		03552AA61F26F12500518BD3 /* LLSearchResultDoubleViewCell.m in Sources */ = {isa = PBXBuildFile; fileRef = 03552AA51F26F12500518BD3 /* LLSearchResultDoubleViewCell.m */; };
		03552AAD1F26F1E200518BD3 /* leftImage220.jpg in Resources */ = {isa = PBXBuildFile; fileRef = 03552AA71F26F1E200518BD3 /* leftImage220.jpg */; };
		03552AAE1F26F1E200518BD3 /* rightImage220.jpg in Resources */ = {isa = PBXBuildFile; fileRef = 03552AA81F26F1E200518BD3 /* rightImage220.jpg */; };
		03552AAF1F26F1E200518BD3 /* leftImage345.jpg in Resources */ = {isa = PBXBuildFile; fileRef = 03552AA91F26F1E200518BD3 /* leftImage345.jpg */; };
		03552AB01F26F1E200518BD3 /* rightImage345.jpg in Resources */ = {isa = PBXBuildFile; fileRef = 03552AAA1F26F1E200518BD3 /* rightImage345.jpg */; };
		03552AB11F26F1E200518BD3 /* rightImage576.jpg in Resources */ = {isa = PBXBuildFile; fileRef = 03552AAB1F26F1E200518BD3 /* rightImage576.jpg */; };
		03552AB21F26F1E200518BD3 /* leftImage576.jpg in Resources */ = {isa = PBXBuildFile; fileRef = 03552AAC1F26F1E200518BD3 /* leftImage576.jpg */; };
/* End PBXBuildFile section */

/* Begin PBXContainerItemProxy section */
		03552A841F26EE8A00518BD3 /* PBXContainerItemProxy */ = {
			isa = PBXContainerItemProxy;
			containerPortal = 03552A621F26EE8800518BD3 /* Project object */;
			proxyType = 1;
			remoteGlobalIDString = 03552A691F26EE8800518BD3;
			remoteInfo = LLSearchView;
		};
/* End PBXContainerItemProxy section */

/* Begin PBXFileReference section */
		03552A6A1F26EE8800518BD3 /* LLSearchView.app */ = {isa = PBXFileReference; explicitFileType = wrapper.application; includeInIndex = 0; path = LLSearchView.app; sourceTree = BUILT_PRODUCTS_DIR; };
		03552A6E1F26EE8900518BD3 /* main.m */ = {isa = PBXFileReference; lastKnownFileType = sourcecode.c.objc; path = main.m; sourceTree = "<group>"; };
		03552A701F26EE8900518BD3 /* AppDelegate.h */ = {isa = PBXFileReference; lastKnownFileType = sourcecode.c.h; path = AppDelegate.h; sourceTree = "<group>"; };
		03552A711F26EE8900518BD3 /* AppDelegate.m */ = {isa = PBXFileReference; lastKnownFileType = sourcecode.c.objc; path = AppDelegate.m; sourceTree = "<group>"; };
		03552A731F26EE8900518BD3 /* ViewController.h */ = {isa = PBXFileReference; lastKnownFileType = sourcecode.c.h; path = ViewController.h; sourceTree = "<group>"; };
		03552A741F26EE8900518BD3 /* ViewController.m */ = {isa = PBXFileReference; lastKnownFileType = sourcecode.c.objc; path = ViewController.m; sourceTree = "<group>"; };
		03552A771F26EE8900518BD3 /* Base */ = {isa = PBXFileReference; lastKnownFileType = file.storyboard; name = Base; path = Base.lproj/Main.storyboard; sourceTree = "<group>"; };
		03552A791F26EE8A00518BD3 /* Assets.xcassets */ = {isa = PBXFileReference; lastKnownFileType = folder.assetcatalog; path = Assets.xcassets; sourceTree = "<group>"; };
		03552A7C1F26EE8A00518BD3 /* Base */ = {isa = PBXFileReference; lastKnownFileType = file.storyboard; name = Base; path = Base.lproj/LaunchScreen.storyboard; sourceTree = "<group>"; };
		03552A7E1F26EE8A00518BD3 /* Info.plist */ = {isa = PBXFileReference; lastKnownFileType = text.plist.xml; path = Info.plist; sourceTree = "<group>"; };
		03552A831F26EE8A00518BD3 /* LLSearchViewUITests.xctest */ = {isa = PBXFileReference; explicitFileType = wrapper.cfbundle; includeInIndex = 0; path = LLSearchViewUITests.xctest; sourceTree = BUILT_PRODUCTS_DIR; };
		03552A871F26EE8A00518BD3 /* LLSearchViewUITests.m */ = {isa = PBXFileReference; lastKnownFileType = sourcecode.c.objc; path = LLSearchViewUITests.m; sourceTree = "<group>"; };
		03552A891F26EE8A00518BD3 /* Info.plist */ = {isa = PBXFileReference; lastKnownFileType = text.plist.xml; path = Info.plist; sourceTree = "<group>"; };
		03552A921F26EF0900518BD3 /* LLSearchViewController.h */ = {isa = PBXFileReference; fileEncoding = 4; lastKnownFileType = sourcecode.c.h; path = LLSearchViewController.h; sourceTree = "<group>"; };
		03552A931F26EF0900518BD3 /* LLSearchViewController.m */ = {isa = PBXFileReference; fileEncoding = 4; lastKnownFileType = sourcecode.c.objc; path = LLSearchViewController.m; sourceTree = "<group>"; };
		03552A951F26EF9300518BD3 /* LLSearchResultViewController.h */ = {isa = PBXFileReference; fileEncoding = 4; lastKnownFileType = sourcecode.c.h; path = LLSearchResultViewController.h; sourceTree = "<group>"; };
		03552A961F26EF9300518BD3 /* LLSearchResultViewController.m */ = {isa = PBXFileReference; fileEncoding = 4; lastKnownFileType = sourcecode.c.objc; path = LLSearchResultViewController.m; sourceTree = "<group>"; };
		03552A981F26EFCD00518BD3 /* LLSearchSuggestionVC.h */ = {isa = PBXFileReference; fileEncoding = 4; lastKnownFileType = sourcecode.c.h; path = LLSearchSuggestionVC.h; sourceTree = "<group>"; };
		03552A991F26EFCD00518BD3 /* LLSearchSuggestionVC.m */ = {isa = PBXFileReference; fileEncoding = 4; lastKnownFileType = sourcecode.c.objc; path = LLSearchSuggestionVC.m; sourceTree = "<group>"; };
		03552A9B1F26F02200518BD3 /* LLSearchView.h */ = {isa = PBXFileReference; fileEncoding = 4; lastKnownFileType = sourcecode.c.h; path = LLSearchView.h; sourceTree = "<group>"; };
		03552A9C1F26F02200518BD3 /* LLSearchView.m */ = {isa = PBXFileReference; fileEncoding = 4; lastKnownFileType = sourcecode.c.objc; path = LLSearchView.m; sourceTree = "<group>"; };
		03552A9E1F26F07B00518BD3 /* LLSearchResultView.h */ = {isa = PBXFileReference; fileEncoding = 4; lastKnownFileType = sourcecode.c.h; path = LLSearchResultView.h; sourceTree = "<group>"; };
		03552A9F1F26F07B00518BD3 /* LLSearchResultView.m */ = {isa = PBXFileReference; fileEncoding = 4; lastKnownFileType = sourcecode.c.objc; path = LLSearchResultView.m; sourceTree = "<group>"; };
		03552AA11F26F10100518BD3 /* LLSearchResultListViewCell.h */ = {isa = PBXFileReference; fileEncoding = 4; lastKnownFileType = sourcecode.c.h; path = LLSearchResultListViewCell.h; sourceTree = "<group>"; };
		03552AA21F26F10100518BD3 /* LLSearchResultListViewCell.m */ = {isa = PBXFileReference; fileEncoding = 4; lastKnownFileType = sourcecode.c.objc; path = LLSearchResultListViewCell.m; sourceTree = "<group>"; };
		03552AA41F26F12500518BD3 /* LLSearchResultDoubleViewCell.h */ = {isa = PBXFileReference; fileEncoding = 4; lastKnownFileType = sourcecode.c.h; path = LLSearchResultDoubleViewCell.h; sourceTree = "<group>"; };
		03552AA51F26F12500518BD3 /* LLSearchResultDoubleViewCell.m */ = {isa = PBXFileReference; fileEncoding = 4; lastKnownFileType = sourcecode.c.objc; path = LLSearchResultDoubleViewCell.m; sourceTree = "<group>"; };
		03552AA71F26F1E200518BD3 /* leftImage220.jpg */ = {isa = PBXFileReference; lastKnownFileType = image.jpeg; path = leftImage220.jpg; sourceTree = "<group>"; };
		03552AA81F26F1E200518BD3 /* rightImage220.jpg */ = {isa = PBXFileReference; lastKnownFileType = image.jpeg; path = rightImage220.jpg; sourceTree = "<group>"; };
		03552AA91F26F1E200518BD3 /* leftImage345.jpg */ = {isa = PBXFileReference; lastKnownFileType = image.jpeg; path = leftImage345.jpg; sourceTree = "<group>"; };
		03552AAA1F26F1E200518BD3 /* rightImage345.jpg */ = {isa = PBXFileReference; lastKnownFileType = image.jpeg; path = rightImage345.jpg; sourceTree = "<group>"; };
		03552AAB1F26F1E200518BD3 /* rightImage576.jpg */ = {isa = PBXFileReference; lastKnownFileType = image.jpeg; path = rightImage576.jpg; sourceTree = "<group>"; };
		03552AAC1F26F1E200518BD3 /* leftImage576.jpg */ = {isa = PBXFileReference; lastKnownFileType = image.jpeg; path = leftImage576.jpg; sourceTree = "<group>"; };
		03552AB31F26F23300518BD3 /* LLSearchView.pch */ = {isa = PBXFileReference; lastKnownFileType = sourcecode.c.h; path = LLSearchView.pch; sourceTree = "<group>"; };
/* End PBXFileReference section */

/* Begin PBXFrameworksBuildPhase section */
		03552A671F26EE8800518BD3 /* Frameworks */ = {
			isa = PBXFrameworksBuildPhase;
			buildActionMask = 2147483647;
			files = (
			);
			runOnlyForDeploymentPostprocessing = 0;
		};
		03552A801F26EE8A00518BD3 /* Frameworks */ = {
			isa = PBXFrameworksBuildPhase;
			buildActionMask = 2147483647;
			files = (
			);
			runOnlyForDeploymentPostprocessing = 0;
		};
/* End PBXFrameworksBuildPhase section */

/* Begin PBXGroup section */
		03552A611F26EE8800518BD3 = {
			isa = PBXGroup;
			children = (
				03552A6C1F26EE8800518BD3 /* LLSearchView */,
				03552A861F26EE8A00518BD3 /* LLSearchViewUITests */,
				03552A6B1F26EE8800518BD3 /* Products */,
			);
			sourceTree = "<group>";
		};
		03552A6B1F26EE8800518BD3 /* Products */ = {
			isa = PBXGroup;
			children = (
				03552A6A1F26EE8800518BD3 /* LLSearchView.app */,
				03552A831F26EE8A00518BD3 /* LLSearchViewUITests.xctest */,
			);
			name = Products;
			sourceTree = "<group>";
		};
		03552A6C1F26EE8800518BD3 /* LLSearchView */ = {
			isa = PBXGroup;
			children = (
				03552A701F26EE8900518BD3 /* AppDelegate.h */,
				03552A711F26EE8900518BD3 /* AppDelegate.m */,
				03552A731F26EE8900518BD3 /* ViewController.h */,
				03552A741F26EE8900518BD3 /* ViewController.m */,
				03552A921F26EF0900518BD3 /* LLSearchViewController.h */,
				03552A931F26EF0900518BD3 /* LLSearchViewController.m */,
				03552A951F26EF9300518BD3 /* LLSearchResultViewController.h */,
				03552A961F26EF9300518BD3 /* LLSearchResultViewController.m */,
				03552A981F26EFCD00518BD3 /* LLSearchSuggestionVC.h */,
				03552A991F26EFCD00518BD3 /* LLSearchSuggestionVC.m */,
				03552A9B1F26F02200518BD3 /* LLSearchView.h */,
				03552A9C1F26F02200518BD3 /* LLSearchView.m */,
				03552A9E1F26F07B00518BD3 /* LLSearchResultView.h */,
				03552A9F1F26F07B00518BD3 /* LLSearchResultView.m */,
				03552AA11F26F10100518BD3 /* LLSearchResultListViewCell.h */,
				03552AA21F26F10100518BD3 /* LLSearchResultListViewCell.m */,
				03552AA41F26F12500518BD3 /* LLSearchResultDoubleViewCell.h */,
				03552AA51F26F12500518BD3 /* LLSearchResultDoubleViewCell.m */,
				03552A761F26EE8900518BD3 /* Main.storyboard */,
				03552AA71F26F1E200518BD3 /* leftImage220.jpg */,
				03552AA81F26F1E200518BD3 /* rightImage220.jpg */,
				03552AA91F26F1E200518BD3 /* leftImage345.jpg */,
				03552AAA1F26F1E200518BD3 /* rightImage345.jpg */,
				03552AAB1F26F1E200518BD3 /* rightImage576.jpg */,
				03552AAC1F26F1E200518BD3 /* leftImage576.jpg */,
				03552A791F26EE8A00518BD3 /* Assets.xcassets */,
				03552A7B1F26EE8A00518BD3 /* LaunchScreen.storyboard */,
				03552AB31F26F23300518BD3 /* LLSearchView.pch */,
				03552A7E1F26EE8A00518BD3 /* Info.plist */,
				03552A6D1F26EE8900518BD3 /* Supporting Files */,
			);
			path = LLSearchView;
			sourceTree = "<group>";
		};
		03552A6D1F26EE8900518BD3 /* Supporting Files */ = {
			isa = PBXGroup;
			children = (
				03552A6E1F26EE8900518BD3 /* main.m */,
			);
			name = "Supporting Files";
			sourceTree = "<group>";
		};
		03552A861F26EE8A00518BD3 /* LLSearchViewUITests */ = {
			isa = PBXGroup;
			children = (
				03552A871F26EE8A00518BD3 /* LLSearchViewUITests.m */,
				03552A891F26EE8A00518BD3 /* Info.plist */,
			);
			path = LLSearchViewUITests;
			sourceTree = "<group>";
		};
/* End PBXGroup section */

/* Begin PBXNativeTarget section */
		03552A691F26EE8800518BD3 /* LLSearchView */ = {
			isa = PBXNativeTarget;
			buildConfigurationList = 03552A8C1F26EE8A00518BD3 /* Build configuration list for PBXNativeTarget "LLSearchView" */;
			buildPhases = (
				03552A661F26EE8800518BD3 /* Sources */,
				03552A671F26EE8800518BD3 /* Frameworks */,
				03552A681F26EE8800518BD3 /* Resources */,
			);
			buildRules = (
			);
			dependencies = (
			);
			name = LLSearchView;
			productName = LLSearchView;
			productReference = 03552A6A1F26EE8800518BD3 /* LLSearchView.app */;
			productType = "com.apple.product-type.application";
		};
		03552A821F26EE8A00518BD3 /* LLSearchViewUITests */ = {
			isa = PBXNativeTarget;
			buildConfigurationList = 03552A8F1F26EE8A00518BD3 /* Build configuration list for PBXNativeTarget "LLSearchViewUITests" */;
			buildPhases = (
				03552A7F1F26EE8A00518BD3 /* Sources */,
				03552A801F26EE8A00518BD3 /* Frameworks */,
				03552A811F26EE8A00518BD3 /* Resources */,
			);
			buildRules = (
			);
			dependencies = (
				03552A851F26EE8A00518BD3 /* PBXTargetDependency */,
			);
			name = LLSearchViewUITests;
			productName = LLSearchViewUITests;
			productReference = 03552A831F26EE8A00518BD3 /* LLSearchViewUITests.xctest */;
			productType = "com.apple.product-type.bundle.ui-testing";
		};
/* End PBXNativeTarget section */

/* Begin PBXProject section */
		03552A621F26EE8800518BD3 /* Project object */ = {
			isa = PBXProject;
			attributes = {
				LastUpgradeCheck = 0830;
				ORGANIZATIONNAME = "王龙龙";
				TargetAttributes = {
					03552A691F26EE8800518BD3 = {
						CreatedOnToolsVersion = 8.3.3;
						DevelopmentTeam = 36H94N4GDC;
						ProvisioningStyle = Automatic;
					};
					03552A821F26EE8A00518BD3 = {
						CreatedOnToolsVersion = 8.3.3;
						DevelopmentTeam = 36H94N4GDC;
						ProvisioningStyle = Automatic;
						TestTargetID = 03552A691F26EE8800518BD3;
					};
				};
			};
			buildConfigurationList = 03552A651F26EE8800518BD3 /* Build configuration list for PBXProject "LLSearchView" */;
			compatibilityVersion = "Xcode 3.2";
			developmentRegion = English;
			hasScannedForEncodings = 0;
			knownRegions = (
				en,
				Base,
			);
			mainGroup = 03552A611F26EE8800518BD3;
			productRefGroup = 03552A6B1F26EE8800518BD3 /* Products */;
			projectDirPath = "";
			projectRoot = "";
			targets = (
				03552A691F26EE8800518BD3 /* LLSearchView */,
				03552A821F26EE8A00518BD3 /* LLSearchViewUITests */,
			);
		};
/* End PBXProject section */

/* Begin PBXResourcesBuildPhase section */
		03552A681F26EE8800518BD3 /* Resources */ = {
			isa = PBXResourcesBuildPhase;
			buildActionMask = 2147483647;
			files = (
				03552AAE1F26F1E200518BD3 /* rightImage220.jpg in Resources */,
				03552AB01F26F1E200518BD3 /* rightImage345.jpg in Resources */,
				03552AAF1F26F1E200518BD3 /* leftImage345.jpg in Resources */,
				03552AB11F26F1E200518BD3 /* rightImage576.jpg in Resources */,
				03552A7D1F26EE8A00518BD3 /* LaunchScreen.storyboard in Resources */,
				03552AAD1F26F1E200518BD3 /* leftImage220.jpg in Resources */,
				03552A7A1F26EE8A00518BD3 /* Assets.xcassets in Resources */,
				03552AB21F26F1E200518BD3 /* leftImage576.jpg in Resources */,
				03552A781F26EE8900518BD3 /* Main.storyboard in Resources */,
			);
			runOnlyForDeploymentPostprocessing = 0;
		};
		03552A811F26EE8A00518BD3 /* Resources */ = {
			isa = PBXResourcesBuildPhase;
			buildActionMask = 2147483647;
			files = (
			);
			runOnlyForDeploymentPostprocessing = 0;
		};
/* End PBXResourcesBuildPhase section */

/* Begin PBXSourcesBuildPhase section */
		03552A661F26EE8800518BD3 /* Sources */ = {
			isa = PBXSourcesBuildPhase;
			buildActionMask = 2147483647;
			files = (
				03552A941F26EF0900518BD3 /* LLSearchViewController.m in Sources */,
				03552A751F26EE8900518BD3 /* ViewController.m in Sources */,
				03552A721F26EE8900518BD3 /* AppDelegate.m in Sources */,
				03552A9D1F26F02200518BD3 /* LLSearchView.m in Sources */,
				03552A971F26EF9300518BD3 /* LLSearchResultViewController.m in Sources */,
				03552AA31F26F10100518BD3 /* LLSearchResultListViewCell.m in Sources */,
				03552A9A1F26EFCD00518BD3 /* LLSearchSuggestionVC.m in Sources */,
				03552A6F1F26EE8900518BD3 /* main.m in Sources */,
				03552AA61F26F12500518BD3 /* LLSearchResultDoubleViewCell.m in Sources */,
				03552AA01F26F07B00518BD3 /* LLSearchResultView.m in Sources */,
			);
			runOnlyForDeploymentPostprocessing = 0;
		};
		03552A7F1F26EE8A00518BD3 /* Sources */ = {
			isa = PBXSourcesBuildPhase;
			buildActionMask = 2147483647;
			files = (
				03552A881F26EE8A00518BD3 /* LLSearchViewUITests.m in Sources */,
			);
			runOnlyForDeploymentPostprocessing = 0;
		};
/* End PBXSourcesBuildPhase section */

/* Begin PBXTargetDependency section */
		03552A851F26EE8A00518BD3 /* PBXTargetDependency */ = {
			isa = PBXTargetDependency;
			target = 03552A691F26EE8800518BD3 /* LLSearchView */;
			targetProxy = 03552A841F26EE8A00518BD3 /* PBXContainerItemProxy */;
		};
/* End PBXTargetDependency section */

/* Begin PBXVariantGroup section */
		03552A761F26EE8900518BD3 /* Main.storyboard */ = {
			isa = PBXVariantGroup;
			children = (
				03552A771F26EE8900518BD3 /* Base */,
			);
			name = Main.storyboard;
			sourceTree = "<group>";
		};
		03552A7B1F26EE8A00518BD3 /* LaunchScreen.storyboard */ = {
			isa = PBXVariantGroup;
			children = (
				03552A7C1F26EE8A00518BD3 /* Base */,
			);
			name = LaunchScreen.storyboard;
			sourceTree = "<group>";
		};
/* End PBXVariantGroup section */

/* Begin XCBuildConfiguration section */
		03552A8A1F26EE8A00518BD3 /* Debug */ = {
			isa = XCBuildConfiguration;
			buildSettings = {
				ALWAYS_SEARCH_USER_PATHS = NO;
				CLANG_ANALYZER_NONNULL = YES;
				CLANG_ANALYZER_NUMBER_OBJECT_CONVERSION = YES_AGGRESSIVE;
				CLANG_CXX_LANGUAGE_STANDARD = "gnu++0x";
				CLANG_CXX_LIBRARY = "libc++";
				CLANG_ENABLE_MODULES = YES;
				CLANG_ENABLE_OBJC_ARC = YES;
				CLANG_WARN_BOOL_CONVERSION = YES;
				CLANG_WARN_CONSTANT_CONVERSION = YES;
				CLANG_WARN_DIRECT_OBJC_ISA_USAGE = YES_ERROR;
				CLANG_WARN_DOCUMENTATION_COMMENTS = YES;
				CLANG_WARN_EMPTY_BODY = YES;
				CLANG_WARN_ENUM_CONVERSION = YES;
				CLANG_WARN_INFINITE_RECURSION = YES;
				CLANG_WARN_INT_CONVERSION = YES;
				CLANG_WARN_OBJC_ROOT_CLASS = YES_ERROR;
				CLANG_WARN_SUSPICIOUS_MOVE = YES;
				CLANG_WARN_UNREACHABLE_CODE = YES;
				CLANG_WARN__DUPLICATE_METHOD_MATCH = YES;
				"CODE_SIGN_IDENTITY[sdk=iphoneos*]" = "iPhone Developer";
				COPY_PHASE_STRIP = NO;
				DEBUG_INFORMATION_FORMAT = dwarf;
				ENABLE_STRICT_OBJC_MSGSEND = YES;
				ENABLE_TESTABILITY = YES;
				GCC_C_LANGUAGE_STANDARD = gnu99;
				GCC_DYNAMIC_NO_PIC = NO;
				GCC_NO_COMMON_BLOCKS = YES;
				GCC_OPTIMIZATION_LEVEL = 0;
				GCC_PREPROCESSOR_DEFINITIONS = (
					"DEBUG=1",
					"$(inherited)",
				);
				GCC_WARN_64_TO_32_BIT_CONVERSION = YES;
				GCC_WARN_ABOUT_RETURN_TYPE = YES_ERROR;
				GCC_WARN_UNDECLARED_SELECTOR = YES;
				GCC_WARN_UNINITIALIZED_AUTOS = YES_AGGRESSIVE;
				GCC_WARN_UNUSED_FUNCTION = YES;
				GCC_WARN_UNUSED_VARIABLE = YES;
				IPHONEOS_DEPLOYMENT_TARGET = 10.3;
				MTL_ENABLE_DEBUG_INFO = YES;
				ONLY_ACTIVE_ARCH = YES;
				SDKROOT = iphoneos;
			};
			name = Debug;
		};
		03552A8B1F26EE8A00518BD3 /* Release */ = {
			isa = XCBuildConfiguration;
			buildSettings = {
				ALWAYS_SEARCH_USER_PATHS = NO;
				CLANG_ANALYZER_NONNULL = YES;
				CLANG_ANALYZER_NUMBER_OBJECT_CONVERSION = YES_AGGRESSIVE;
				CLANG_CXX_LANGUAGE_STANDARD = "gnu++0x";
				CLANG_CXX_LIBRARY = "libc++";
				CLANG_ENABLE_MODULES = YES;
				CLANG_ENABLE_OBJC_ARC = YES;
				CLANG_WARN_BOOL_CONVERSION = YES;
				CLANG_WARN_CONSTANT_CONVERSION = YES;
				CLANG_WARN_DIRECT_OBJC_ISA_USAGE = YES_ERROR;
				CLANG_WARN_DOCUMENTATION_COMMENTS = YES;
				CLANG_WARN_EMPTY_BODY = YES;
				CLANG_WARN_ENUM_CONVERSION = YES;
				CLANG_WARN_INFINITE_RECURSION = YES;
				CLANG_WARN_INT_CONVERSION = YES;
				CLANG_WARN_OBJC_ROOT_CLASS = YES_ERROR;
				CLANG_WARN_SUSPICIOUS_MOVE = YES;
				CLANG_WARN_UNREACHABLE_CODE = YES;
				CLANG_WARN__DUPLICATE_METHOD_MATCH = YES;
				"CODE_SIGN_IDENTITY[sdk=iphoneos*]" = "iPhone Developer";
				COPY_PHASE_STRIP = NO;
				DEBUG_INFORMATION_FORMAT = "dwarf-with-dsym";
				ENABLE_NS_ASSERTIONS = NO;
				ENABLE_STRICT_OBJC_MSGSEND = YES;
				GCC_C_LANGUAGE_STANDARD = gnu99;
				GCC_NO_COMMON_BLOCKS = YES;
				GCC_WARN_64_TO_32_BIT_CONVERSION = YES;
				GCC_WARN_ABOUT_RETURN_TYPE = YES_ERROR;
				GCC_WARN_UNDECLARED_SELECTOR = YES;
				GCC_WARN_UNINITIALIZED_AUTOS = YES_AGGRESSIVE;
				GCC_WARN_UNUSED_FUNCTION = YES;
				GCC_WARN_UNUSED_VARIABLE = YES;
				IPHONEOS_DEPLOYMENT_TARGET = 10.3;
				MTL_ENABLE_DEBUG_INFO = NO;
				SDKROOT = iphoneos;
				VALIDATE_PRODUCT = YES;
			};
			name = Release;
		};
		03552A8D1F26EE8A00518BD3 /* Debug */ = {
			isa = XCBuildConfiguration;
			buildSettings = {
				ASSETCATALOG_COMPILER_APPICON_NAME = AppIcon;
				DEVELOPMENT_TEAM = 36H94N4GDC;
				GCC_PRECOMPILE_PREFIX_HEADER = YES;
				GCC_PREFIX_HEADER = "$(SRCROOT)/LLSearchView/LLSearchView.pch";
				INFOPLIST_FILE = LLSearchView/Info.plist;
				LD_RUNPATH_SEARCH_PATHS = "$(inherited) @executable_path/Frameworks";
				PRODUCT_BUNDLE_IDENTIFIER = wangll.LLSearchView;
				PRODUCT_NAME = "$(TARGET_NAME)";
			};
			name = Debug;
		};
		03552A8E1F26EE8A00518BD3 /* Release */ = {
			isa = XCBuildConfiguration;
			buildSettings = {
				ASSETCATALOG_COMPILER_APPICON_NAME = AppIcon;
				DEVELOPMENT_TEAM = 36H94N4GDC;
				GCC_PRECOMPILE_PREFIX_HEADER = YES;
				GCC_PREFIX_HEADER = "$(SRCROOT)/LLSearchView/LLSearchView.pch";
				INFOPLIST_FILE = LLSearchView/Info.plist;
				LD_RUNPATH_SEARCH_PATHS = "$(inherited) @executable_path/Frameworks";
				PRODUCT_BUNDLE_IDENTIFIER = wangll.LLSearchView;
				PRODUCT_NAME = "$(TARGET_NAME)";
			};
			name = Release;
		};
		03552A901F26EE8A00518BD3 /* Debug */ = {
			isa = XCBuildConfiguration;
			buildSettings = {
				DEVELOPMENT_TEAM = 36H94N4GDC;
				GCC_PRECOMPILE_PREFIX_HEADER = YES;
				GCC_PREFIX_HEADER = "$(SRCROOT)/LLSearchView/LLSearchView.pch";
				INFOPLIST_FILE = LLSearchViewUITests/Info.plist;
				LD_RUNPATH_SEARCH_PATHS = "$(inherited) @executable_path/Frameworks @loader_path/Frameworks";
				PRODUCT_BUNDLE_IDENTIFIER = wangll.LLSearchViewUITests;
				PRODUCT_NAME = "$(TARGET_NAME)";
				TEST_TARGET_NAME = LLSearchView;
			};
			name = Debug;
		};
		03552A911F26EE8A00518BD3 /* Release */ = {
			isa = XCBuildConfiguration;
			buildSettings = {
				DEVELOPMENT_TEAM = 36H94N4GDC;
				GCC_PRECOMPILE_PREFIX_HEADER = YES;
				GCC_PREFIX_HEADER = "$(SRCROOT)/LLSearchView/LLSearchView.pch";
				INFOPLIST_FILE = LLSearchViewUITests/Info.plist;
				LD_RUNPATH_SEARCH_PATHS = "$(inherited) @executable_path/Frameworks @loader_path/Frameworks";
				PRODUCT_BUNDLE_IDENTIFIER = wangll.LLSearchViewUITests;
				PRODUCT_NAME = "$(TARGET_NAME)";
				TEST_TARGET_NAME = LLSearchView;
			};
			name = Release;
		};
/* End XCBuildConfiguration section */

/* Begin XCConfigurationList section */
		03552A651F26EE8800518BD3 /* Build configuration list for PBXProject "LLSearchView" */ = {
			isa = XCConfigurationList;
			buildConfigurations = (
				03552A8A1F26EE8A00518BD3 /* Debug */,
				03552A8B1F26EE8A00518BD3 /* Release */,
			);
			defaultConfigurationIsVisible = 0;
			defaultConfigurationName = Release;
		};
		03552A8C1F26EE8A00518BD3 /* Build configuration list for PBXNativeTarget "LLSearchView" */ = {
			isa = XCConfigurationList;
			buildConfigurations = (
				03552A8D1F26EE8A00518BD3 /* Debug */,
				03552A8E1F26EE8A00518BD3 /* Release */,
			);
			defaultConfigurationIsVisible = 0;
			defaultConfigurationName = Release;
		};
		03552A8F1F26EE8A00518BD3 /* Build configuration list for PBXNativeTarget "LLSearchViewUITests" */ = {
			isa = XCConfigurationList;
			buildConfigurations = (
				03552A901F26EE8A00518BD3 /* Debug */,
				03552A911F26EE8A00518BD3 /* Release */,
			);
			defaultConfigurationIsVisible = 0;
			defaultConfigurationName = Release;
		};
/* End XCConfigurationList section */
	};
	rootObject = 03552A621F26EE8800518BD3 /* Project object */;
}
